
Microsoft Visual Studio Solution File, Format Version 12.00
# Visual Studio 2013
VisualStudioVersion = 12.0.30723.0
MinimumVisualStudioVersion = 10.0.40219.1
Project("{2150E333-8FDC-42A3-9474-1A3956D46DE8}") = ".nuget", ".nuget", "{7E0276D0-0352-461E-8F81-CCF5E3FE810F}"
	ProjectSection(SolutionItems) = preProject
		.nuget\NuGet.Config = .nuget\NuGet.Config
		.nuget\NuGet.exe = .nuget\NuGet.exe
		.nuget\NuGet.targets = .nuget\NuGet.targets
	EndProjectSection
EndProject
Project("{FAE04EC0-301F-11D3-BF4B-00C04F79EFBC}") = "GeoPredictionApp.WP8", "GeoPredictionApp.WP8\GeoPredictionApp.WP8.csproj", "{ADB89E7F-163D-4C92-964B-68FDB8BAD43D}"
EndProject
Project("{2150E333-8FDC-42A3-9474-1A3956D46DE8}") = "Client", "Client", "{B8139DDB-0FA7-4846-A3C7-DDEAA2986F91}"
EndProject
Project("{2150E333-8FDC-42A3-9474-1A3956D46DE8}") = "Server", "Server", "{6F6A9C3F-9EFA-4DCE-A03A-35D8CE823FA8}"
	ProjectSection(SolutionItems) = preProject
		CreateEventHub.ps1 = CreateEventHub.ps1
		CreateSharedAccessAuthorizationRule.ps1 = CreateSharedAccessAuthorizationRule.ps1
		Deploy.ps1 = Deploy.ps1
		SetupParameters.ps1 = SetupParameters.ps1
		SetupParameters_template.ps1 = SetupParameters_template.ps1
	EndProjectSection
EndProject
Project("{FAE04EC0-301F-11D3-BF4B-00C04F79EFBC}") = "GeoPrediction.ProcessorWorkerRole", "Server\GeoPredicition.ProcessorWorkerRole\GeoPrediction.ProcessorWorkerRole.csproj", "{ADC96042-9308-4871-B9E2-A8A2A52181E8}"
EndProject
Project("{CC5FD16D-436D-48AD-A40C-5A424C6E3E79}") = "GeoPrediction.CloudService", "Server\GeoPrediction.CloudService\GeoPrediction.CloudService.ccproj", "{216A1ECB-4E09-4CA9-A559-3215B847F238}"
EndProject
Project("{FAE04EC0-301F-11D3-BF4B-00C04F79EFBC}") = "GeoPrediction.Common", "Server\GeoPrediction.Common\GeoPrediction.Common.csproj", "{9A148F29-C784-4EF9-9FF7-0E2A58808CB7}"
EndProject
Project("{2150E333-8FDC-42A3-9474-1A3956D46DE8}") = "Portable", "Portable", "{2DDFF642-46A9-4923-A7D4-4CA258EEEF6A}"
EndProject
Project("{FAE04EC0-301F-11D3-BF4B-00C04F79EFBC}") = "GeoPrediction.Portable.Entities", "Portable\GeoPrediction.Portable.Entities\GeoPrediction.Portable.Entities.csproj", "{84758B28-69D0-4BF5-8BA7-39617EA5867A}"
EndProject
Project("{2150E333-8FDC-42A3-9474-1A3956D46DE8}") = "Build", "Build", "{F1D35801-B1D4-4FEB-AF15-AC447B2FA7C1}"
	ProjectSection(SolutionItems) = preProject
		Server\GeoPrediction.CloudService\bin\Release\app.publish\GeoPrediction.CloudService.cspkg = Server\GeoPrediction.CloudService\bin\Release\app.publish\GeoPrediction.CloudService.cspkg
		Server\GeoPrediction.CloudService\bin\Release\app.publish\ServiceConfiguration.Cloud.cscfg = Server\GeoPrediction.CloudService\bin\Release\app.publish\ServiceConfiguration.Cloud.cscfg
	EndProjectSection
EndProject
Global
	GlobalSection(SolutionConfigurationPlatforms) = preSolution
		Debug|Any CPU = Debug|Any CPU
		Debug|ARM = Debug|ARM
		Debug|x86 = Debug|x86
		Release|Any CPU = Release|Any CPU
		Release|ARM = Release|ARM
		Release|x86 = Release|x86
	EndGlobalSection
	GlobalSection(ProjectConfigurationPlatforms) = postSolution
		{ADB89E7F-163D-4C92-964B-68FDB8BAD43D}.Debug|Any CPU.ActiveCfg = Debug|Any CPU
		{ADB89E7F-163D-4C92-964B-68FDB8BAD43D}.Debug|Any CPU.Build.0 = Debug|Any CPU
		{ADB89E7F-163D-4C92-964B-68FDB8BAD43D}.Debug|Any CPU.Deploy.0 = Debug|Any CPU
		{ADB89E7F-163D-4C92-964B-68FDB8BAD43D}.Debug|ARM.ActiveCfg = Debug|ARM
		{ADB89E7F-163D-4C92-964B-68FDB8BAD43D}.Debug|ARM.Build.0 = Debug|ARM
		{ADB89E7F-163D-4C92-964B-68FDB8BAD43D}.Debug|ARM.Deploy.0 = Debug|ARM
		{ADB89E7F-163D-4C92-964B-68FDB8BAD43D}.Debug|x86.ActiveCfg = Debug|x86
		{ADB89E7F-163D-4C92-964B-68FDB8BAD43D}.Debug|x86.Build.0 = Debug|x86
		{ADB89E7F-163D-4C92-964B-68FDB8BAD43D}.Debug|x86.Deploy.0 = Debug|x86
		{ADB89E7F-163D-4C92-964B-68FDB8BAD43D}.Release|Any CPU.ActiveCfg = Release|Any CPU
		{ADB89E7F-163D-4C92-964B-68FDB8BAD43D}.Release|Any CPU.Build.0 = Release|Any CPU
		{ADB89E7F-163D-4C92-964B-68FDB8BAD43D}.Release|Any CPU.Deploy.0 = Release|Any CPU
		{ADB89E7F-163D-4C92-964B-68FDB8BAD43D}.Release|ARM.ActiveCfg = Release|ARM
		{ADB89E7F-163D-4C92-964B-68FDB8BAD43D}.Release|ARM.Build.0 = Release|ARM
		{ADB89E7F-163D-4C92-964B-68FDB8BAD43D}.Release|ARM.Deploy.0 = Release|ARM
		{ADB89E7F-163D-4C92-964B-68FDB8BAD43D}.Release|x86.ActiveCfg = Release|x86
		{ADB89E7F-163D-4C92-964B-68FDB8BAD43D}.Release|x86.Build.0 = Release|x86
		{ADB89E7F-163D-4C92-964B-68FDB8BAD43D}.Release|x86.Deploy.0 = Release|x86
		{ADC96042-9308-4871-B9E2-A8A2A52181E8}.Debug|Any CPU.ActiveCfg = Debug|Any CPU
		{ADC96042-9308-4871-B9E2-A8A2A52181E8}.Debug|Any CPU.Build.0 = Debug|Any CPU
		{ADC96042-9308-4871-B9E2-A8A2A52181E8}.Debug|ARM.ActiveCfg = Debug|Any CPU
		{ADC96042-9308-4871-B9E2-A8A2A52181E8}.Debug|x86.ActiveCfg = Debug|Any CPU
		{ADC96042-9308-4871-B9E2-A8A2A52181E8}.Release|Any CPU.ActiveCfg = Release|Any CPU
		{ADC96042-9308-4871-B9E2-A8A2A52181E8}.Release|Any CPU.Build.0 = Release|Any CPU
		{ADC96042-9308-4871-B9E2-A8A2A52181E8}.Release|ARM.ActiveCfg = Release|Any CPU
		{ADC96042-9308-4871-B9E2-A8A2A52181E8}.Release|x86.ActiveCfg = Release|Any CPU
		{216A1ECB-4E09-4CA9-A559-3215B847F238}.Debug|Any CPU.ActiveCfg = Debug|Any CPU
		{216A1ECB-4E09-4CA9-A559-3215B847F238}.Debug|Any CPU.Build.0 = Debug|Any CPU
		{216A1ECB-4E09-4CA9-A559-3215B847F238}.Debug|ARM.ActiveCfg = Debug|Any CPU
		{216A1ECB-4E09-4CA9-A559-3215B847F238}.Debug|x86.ActiveCfg = Debug|Any CPU
		{216A1ECB-4E09-4CA9-A559-3215B847F238}.Release|Any CPU.ActiveCfg = Release|Any CPU
		{216A1ECB-4E09-4CA9-A559-3215B847F238}.Release|Any CPU.Build.0 = Release|Any CPU
		{216A1ECB-4E09-4CA9-A559-3215B847F238}.Release|ARM.ActiveCfg = Release|Any CPU
		{216A1ECB-4E09-4CA9-A559-3215B847F238}.Release|x86.ActiveCfg = Release|Any CPU
		{9A148F29-C784-4EF9-9FF7-0E2A58808CB7}.Debug|Any CPU.ActiveCfg = Debug|Any CPU
		{9A148F29-C784-4EF9-9FF7-0E2A58808CB7}.Debug|Any CPU.Build.0 = Debug|Any CPU
		{9A148F29-C784-4EF9-9FF7-0E2A58808CB7}.Debug|ARM.ActiveCfg = Debug|Any CPU
		{9A148F29-C784-4EF9-9FF7-0E2A58808CB7}.Debug|x86.ActiveCfg = Debug|Any CPU
		{9A148F29-C784-4EF9-9FF7-0E2A58808CB7}.Release|Any CPU.ActiveCfg = Release|Any CPU
		{9A148F29-C784-4EF9-9FF7-0E2A58808CB7}.Release|Any CPU.Build.0 = Release|Any CPU
		{9A148F29-C784-4EF9-9FF7-0E2A58808CB7}.Release|ARM.ActiveCfg = Release|Any CPU
		{9A148F29-C784-4EF9-9FF7-0E2A58808CB7}.Release|x86.ActiveCfg = Release|Any CPU
		{84758B28-69D0-4BF5-8BA7-39617EA5867A}.Debug|Any CPU.ActiveCfg = Debug|Any CPU
		{84758B28-69D0-4BF5-8BA7-39617EA5867A}.Debug|Any CPU.Build.0 = Debug|Any CPU
		{84758B28-69D0-4BF5-8BA7-39617EA5867A}.Debug|ARM.ActiveCfg = Debug|Any CPU
		{84758B28-69D0-4BF5-8BA7-39617EA5867A}.Debug|x86.ActiveCfg = Debug|Any CPU
		{84758B28-69D0-4BF5-8BA7-39617EA5867A}.Release|Any CPU.ActiveCfg = Release|Any CPU
		{84758B28-69D0-4BF5-8BA7-39617EA5867A}.Release|Any CPU.Build.0 = Release|Any CPU
		{84758B28-69D0-4BF5-8BA7-39617EA5867A}.Release|ARM.ActiveCfg = Release|Any CPU
		{84758B28-69D0-4BF5-8BA7-39617EA5867A}.Release|x86.ActiveCfg = Release|Any CPU
	EndGlobalSection
	GlobalSection(SolutionProperties) = preSolution
		HideSolutionNode = FALSE
	EndGlobalSection
	GlobalSection(NestedProjects) = preSolution
		{ADB89E7F-163D-4C92-964B-68FDB8BAD43D} = {B8139DDB-0FA7-4846-A3C7-DDEAA2986F91}
		{ADC96042-9308-4871-B9E2-A8A2A52181E8} = {6F6A9C3F-9EFA-4DCE-A03A-35D8CE823FA8}
		{216A1ECB-4E09-4CA9-A559-3215B847F238} = {6F6A9C3F-9EFA-4DCE-A03A-35D8CE823FA8}
		{9A148F29-C784-4EF9-9FF7-0E2A58808CB7} = {6F6A9C3F-9EFA-4DCE-A03A-35D8CE823FA8}
		{84758B28-69D0-4BF5-8BA7-39617EA5867A} = {2DDFF642-46A9-4923-A7D4-4CA258EEEF6A}
	EndGlobalSection
EndGlobal
